
Microsoft Visual Studio Solution File, Format Version 12.00
# Visual Studio Version 16
VisualStudioVersion = 16.0.31624.102
MinimumVisualStudioVersion = 10.0.40219.1
Project("{FAE04EC0-301F-11D3-BF4B-00C04F79EFBC}") = "ProjetoBancoDados", "ProjetoBancoDados.csproj", "{AD27211C-D846-4CAB-BDF0-14973ED0D228}"
EndProject
Project("{54435603-DBB4-11D2-8724-00A0C9A8B90C}") = "Setup", "Setup\Setup.vdproj", "{929D3913-EF44-45C9-88CD-501BDCB42AD0}"
EndProject
Global
	GlobalSection(SolutionConfigurationPlatforms) = preSolution
		Debug|Any CPU = Debug|Any CPU
		Debug|x86 = Debug|x86
		Release|Any CPU = Release|Any CPU
		Release|x86 = Release|x86
	EndGlobalSection
	GlobalSection(ProjectConfigurationPlatforms) = postSolution
		{AD27211C-D846-4CAB-BDF0-14973ED0D228}.Debug|Any CPU.ActiveCfg = Debug|Any CPU
		{AD27211C-D846-4CAB-BDF0-14973ED0D228}.Debug|Any CPU.Build.0 = Debug|Any CPU
		{AD27211C-D846-4CAB-BDF0-14973ED0D228}.Debug|x86.ActiveCfg = Debug|x86
		{AD27211C-D846-4CAB-BDF0-14973ED0D228}.Debug|x86.Build.0 = Debug|x86
		{AD27211C-D846-4CAB-BDF0-14973ED0D228}.Release|Any CPU.ActiveCfg = Release|Any CPU
		{AD27211C-D846-4CAB-BDF0-14973ED0D228}.Release|Any CPU.Build.0 = Release|Any CPU
		{AD27211C-D846-4CAB-BDF0-14973ED0D228}.Release|x86.ActiveCfg = Release|x86
		{AD27211C-D846-4CAB-BDF0-14973ED0D228}.Release|x86.Build.0 = Release|x86
		{929D3913-EF44-45C9-88CD-501BDCB42AD0}.Debug|Any CPU.ActiveCfg = Debug
		{929D3913-EF44-45C9-88CD-501BDCB42AD0}.Debug|x86.ActiveCfg = Debug
		{929D3913-EF44-45C9-88CD-501BDCB42AD0}.Debug|x86.Build.0 = Debug
		{929D3913-EF44-45C9-88CD-501BDCB42AD0}.Release|Any CPU.ActiveCfg = Release
		{929D3913-EF44-45C9-88CD-501BDCB42AD0}.Release|x86.ActiveCfg = Release
		{929D3913-EF44-45C9-88CD-501BDCB42AD0}.Release|x86.Build.0 = Release
	EndGlobalSection
	GlobalSection(SolutionProperties) = preSolution
		HideSolutionNode = FALSE
	EndGlobalSection
	GlobalSection(ExtensibilityGlobals) = postSolution
		SolutionGuid = {141FFEC8-0829-4CA2-B4E9-1B3703BEDB23}
	EndGlobalSection
EndGlobal
